
Microsoft Visual Studio Solution File, Format Version 12.00
# Visual Studio 15
VisualStudioVersion = 15.0.28307.1062
MinimumVisualStudioVersion = 10.0.40219.1
Project("{2150E333-8FDC-42A3-9474-1A3956D46DE8}") = "Domain", "Domain", "{6E66E8E2-0ABE-4817-BEB1-525CE675B05D}"
EndProject
Project("{2150E333-8FDC-42A3-9474-1A3956D46DE8}") = "Infrastructure.Bus", "Infrastructure.Bus", "{4CB704A7-B513-41ED-8C11-B4D3797F3F3F}"
EndProject
Project("{2150E333-8FDC-42A3-9474-1A3956D46DE8}") = "Infrastructure.IoC", "Infrastructure.IoC", "{964C005F-8076-4B8F-B761-B86446081FB3}"
EndProject
Project("{2150E333-8FDC-42A3-9474-1A3956D46DE8}") = "Microservices", "Microservices", "{76BD0B4C-1ED6-47F6-9E39-546CED55E71B}"
EndProject
Project("{FAE04EC0-301F-11D3-BF4B-00C04F79EFBC}") = "RabbitIntegration.Domain.Core", "RabbitIntegration.Domain.Core\RabbitIntegration.Domain.Core.csproj", "{A479B9DB-903B-4AA5-BD11-CD0CD856BC9D}"
EndProject
Project("{FAE04EC0-301F-11D3-BF4B-00C04F79EFBC}") = "RabbitIntegration.Infrastructure.Bus", "RabbitIntegration.Infrastructure.Bus\RabbitIntegration.Infrastructure.Bus.csproj", "{DC228FAA-235D-4DB0-9FF6-1A873E2BE443}"
EndProject
Project("{FAE04EC0-301F-11D3-BF4B-00C04F79EFBC}") = "RabbitIntegration.Infrastructure.IoC", "RabbitIntegration.Infrastructure.IoC\RabbitIntegration.Infrastructure.IoC.csproj", "{3E6B4FD2-85CA-492A-9A64-73BA11A3276E}"
EndProject
Project("{2150E333-8FDC-42A3-9474-1A3956D46DE8}") = "Integrator", "Integrator", "{7CA17E7A-8E26-441D-A8DB-D03A200B9359}"
EndProject
Project("{2150E333-8FDC-42A3-9474-1A3956D46DE8}") = "Transfer", "Transfer", "{0F55987C-6674-4276-B336-8A3B5D393077}"
EndProject
Project("{2150E333-8FDC-42A3-9474-1A3956D46DE8}") = "Api", "Api", "{2682F869-76B3-49F6-96CF-9AFC01EA5056}"
EndProject
Project("{2150E333-8FDC-42A3-9474-1A3956D46DE8}") = "Application", "Application", "{FF2C9CF4-1E06-4332-AFB9-073741B26F93}"
EndProject
Project("{2150E333-8FDC-42A3-9474-1A3956D46DE8}") = "Data", "Data", "{0C65818A-C884-4EC4-AFB0-DCBEDEC933F8}"
EndProject
Project("{2150E333-8FDC-42A3-9474-1A3956D46DE8}") = "Domain", "Domain", "{854DE077-011D-4D22-9C7D-6D489FE3FA21}"
EndProject
Project("{FAE04EC0-301F-11D3-BF4B-00C04F79EFBC}") = "RabbitIntegration.Integrator.Api", "RabbitIntegration.Integrator.Api\RabbitIntegration.Integrator.Api.csproj", "{15D70385-2119-4D41-8649-845B5C1E6425}"
EndProject
Project("{FAE04EC0-301F-11D3-BF4B-00C04F79EFBC}") = "RabbitIntegration.Integrator.Application", "RabbitIntegration.Integrator.Application\RabbitIntegration.Integrator.Application.csproj", "{2C32A6A1-A6FE-46A2-B24B-283A53124654}"
EndProject
Project("{FAE04EC0-301F-11D3-BF4B-00C04F79EFBC}") = "RabbitIntegration.Integrator.Data", "RabbitIntegration.Integrator.Data\RabbitIntegration.Integrator.Data.csproj", "{118B6ED6-0C20-4F27-ACF8-ED8AB627CFC1}"
EndProject
Project("{FAE04EC0-301F-11D3-BF4B-00C04F79EFBC}") = "RabbitIntegration.Integrator.Domain", "RabbitIntegration.Integrator.Domain\RabbitIntegration.Integrator.Domain.csproj", "{41E77066-17EB-40F8-990A-5FEF82A2E437}"
EndProject
Project("{2150E333-8FDC-42A3-9474-1A3956D46DE8}") = "Api", "Api", "{0939F810-127E-4D0B-8CB6-1E21EECBCFAB}"
EndProject
Project("{FAE04EC0-301F-11D3-BF4B-00C04F79EFBC}") = "RabbitIntegration.Transfer.Api", "RabbitIntegration.Transfer.Api\RabbitIntegration.Transfer.Api.csproj", "{5B7B720F-AAAE-4A40-98B7-2E893324225F}"
EndProject
Global
	GlobalSection(SolutionConfigurationPlatforms) = preSolution
		Debug|Any CPU = Debug|Any CPU
		Release|Any CPU = Release|Any CPU
	EndGlobalSection
	GlobalSection(ProjectConfigurationPlatforms) = postSolution
		{A479B9DB-903B-4AA5-BD11-CD0CD856BC9D}.Debug|Any CPU.ActiveCfg = Debug|Any CPU
		{A479B9DB-903B-4AA5-BD11-CD0CD856BC9D}.Debug|Any CPU.Build.0 = Debug|Any CPU
		{A479B9DB-903B-4AA5-BD11-CD0CD856BC9D}.Release|Any CPU.ActiveCfg = Release|Any CPU
		{A479B9DB-903B-4AA5-BD11-CD0CD856BC9D}.Release|Any CPU.Build.0 = Release|Any CPU
		{DC228FAA-235D-4DB0-9FF6-1A873E2BE443}.Debug|Any CPU.ActiveCfg = Debug|Any CPU
		{DC228FAA-235D-4DB0-9FF6-1A873E2BE443}.Debug|Any CPU.Build.0 = Debug|Any CPU
		{DC228FAA-235D-4DB0-9FF6-1A873E2BE443}.Release|Any CPU.ActiveCfg = Release|Any CPU
		{DC228FAA-235D-4DB0-9FF6-1A873E2BE443}.Release|Any CPU.Build.0 = Release|Any CPU
		{3E6B4FD2-85CA-492A-9A64-73BA11A3276E}.Debug|Any CPU.ActiveCfg = Debug|Any CPU
		{3E6B4FD2-85CA-492A-9A64-73BA11A3276E}.Debug|Any CPU.Build.0 = Debug|Any CPU
		{3E6B4FD2-85CA-492A-9A64-73BA11A3276E}.Release|Any CPU.ActiveCfg = Release|Any CPU
		{3E6B4FD2-85CA-492A-9A64-73BA11A3276E}.Release|Any CPU.Build.0 = Release|Any CPU
		{15D70385-2119-4D41-8649-845B5C1E6425}.Debug|Any CPU.ActiveCfg = Debug|Any CPU
		{15D70385-2119-4D41-8649-845B5C1E6425}.Debug|Any CPU.Build.0 = Debug|Any CPU
		{15D70385-2119-4D41-8649-845B5C1E6425}.Release|Any CPU.ActiveCfg = Release|Any CPU
		{15D70385-2119-4D41-8649-845B5C1E6425}.Release|Any CPU.Build.0 = Release|Any CPU
		{2C32A6A1-A6FE-46A2-B24B-283A53124654}.Debug|Any CPU.ActiveCfg = Debug|Any CPU
		{2C32A6A1-A6FE-46A2-B24B-283A53124654}.Debug|Any CPU.Build.0 = Debug|Any CPU
		{2C32A6A1-A6FE-46A2-B24B-283A53124654}.Release|Any CPU.ActiveCfg = Release|Any CPU
		{2C32A6A1-A6FE-46A2-B24B-283A53124654}.Release|Any CPU.Build.0 = Release|Any CPU
		{118B6ED6-0C20-4F27-ACF8-ED8AB627CFC1}.Debug|Any CPU.ActiveCfg = Debug|Any CPU
		{118B6ED6-0C20-4F27-ACF8-ED8AB627CFC1}.Debug|Any CPU.Build.0 = Debug|Any CPU
		{118B6ED6-0C20-4F27-ACF8-ED8AB627CFC1}.Release|Any CPU.ActiveCfg = Release|Any CPU
		{118B6ED6-0C20-4F27-ACF8-ED8AB627CFC1}.Release|Any CPU.Build.0 = Release|Any CPU
		{41E77066-17EB-40F8-990A-5FEF82A2E437}.Debug|Any CPU.ActiveCfg = Debug|Any CPU
		{41E77066-17EB-40F8-990A-5FEF82A2E437}.Debug|Any CPU.Build.0 = Debug|Any CPU
		{41E77066-17EB-40F8-990A-5FEF82A2E437}.Release|Any CPU.ActiveCfg = Release|Any CPU
		{41E77066-17EB-40F8-990A-5FEF82A2E437}.Release|Any CPU.Build.0 = Release|Any CPU
		{5B7B720F-AAAE-4A40-98B7-2E893324225F}.Debug|Any CPU.ActiveCfg = Debug|Any CPU
		{5B7B720F-AAAE-4A40-98B7-2E893324225F}.Debug|Any CPU.Build.0 = Debug|Any CPU
		{5B7B720F-AAAE-4A40-98B7-2E893324225F}.Release|Any CPU.ActiveCfg = Release|Any CPU
		{5B7B720F-AAAE-4A40-98B7-2E893324225F}.Release|Any CPU.Build.0 = Release|Any CPU
	EndGlobalSection
	GlobalSection(SolutionProperties) = preSolution
		HideSolutionNode = FALSE
	EndGlobalSection
	GlobalSection(NestedProjects) = preSolution
		{A479B9DB-903B-4AA5-BD11-CD0CD856BC9D} = {6E66E8E2-0ABE-4817-BEB1-525CE675B05D}
		{DC228FAA-235D-4DB0-9FF6-1A873E2BE443} = {4CB704A7-B513-41ED-8C11-B4D3797F3F3F}
		{3E6B4FD2-85CA-492A-9A64-73BA11A3276E} = {964C005F-8076-4B8F-B761-B86446081FB3}
		{7CA17E7A-8E26-441D-A8DB-D03A200B9359} = {76BD0B4C-1ED6-47F6-9E39-546CED55E71B}
		{0F55987C-6674-4276-B336-8A3B5D393077} = {76BD0B4C-1ED6-47F6-9E39-546CED55E71B}
		{2682F869-76B3-49F6-96CF-9AFC01EA5056} = {7CA17E7A-8E26-441D-A8DB-D03A200B9359}
		{FF2C9CF4-1E06-4332-AFB9-073741B26F93} = {7CA17E7A-8E26-441D-A8DB-D03A200B9359}
		{0C65818A-C884-4EC4-AFB0-DCBEDEC933F8} = {7CA17E7A-8E26-441D-A8DB-D03A200B9359}
		{854DE077-011D-4D22-9C7D-6D489FE3FA21} = {7CA17E7A-8E26-441D-A8DB-D03A200B9359}
		{15D70385-2119-4D41-8649-845B5C1E6425} = {2682F869-76B3-49F6-96CF-9AFC01EA5056}
		{2C32A6A1-A6FE-46A2-B24B-283A53124654} = {FF2C9CF4-1E06-4332-AFB9-073741B26F93}
		{118B6ED6-0C20-4F27-ACF8-ED8AB627CFC1} = {0C65818A-C884-4EC4-AFB0-DCBEDEC933F8}
		{41E77066-17EB-40F8-990A-5FEF82A2E437} = {854DE077-011D-4D22-9C7D-6D489FE3FA21}
		{0939F810-127E-4D0B-8CB6-1E21EECBCFAB} = {0F55987C-6674-4276-B336-8A3B5D393077}
		{5B7B720F-AAAE-4A40-98B7-2E893324225F} = {0939F810-127E-4D0B-8CB6-1E21EECBCFAB}
	EndGlobalSection
	GlobalSection(ExtensibilityGlobals) = postSolution
		SolutionGuid = {7773E928-CAF8-4695-8760-39B965591739}
	EndGlobalSection
EndGlobal
